
Microsoft Visual Studio Solution File, Format Version 12.00
# Visual Studio Version 16
VisualStudioVersion = 16.0.30104.148
MinimumVisualStudioVersion = 10.0.40219.1
Project("{FAE04EC0-301F-11D3-BF4B-00C04F79EFBC}") = "SocialMediaClone", "SocialMediaClone\SocialMediaClone.csproj", "{680B20EA-CF23-4C8D-B1E1-7344254240B9}"
EndProject
Global
	GlobalSection(SolutionConfigurationPlatforms) = preSolution
		Debug|Any CPU = Debug|Any CPU
		Release|Any CPU = Release|Any CPU
	EndGlobalSection
	GlobalSection(ProjectConfigurationPlatforms) = postSolution
		{680B20EA-CF23-4C8D-B1E1-7344254240B9}.Debug|Any CPU.ActiveCfg = Debug|Any CPU
		{680B20EA-CF23-4C8D-B1E1-7344254240B9}.Debug|Any CPU.Build.0 = Debug|Any CPU
		{680B20EA-CF23-4C8D-B1E1-7344254240B9}.Release|Any CPU.ActiveCfg = Release|Any CPU
		{680B20EA-CF23-4C8D-B1E1-7344254240B9}.Release|Any CPU.Build.0 = Release|Any CPU
	EndGlobalSection
	GlobalSection(SolutionProperties) = preSolution
		HideSolutionNode = FALSE
	EndGlobalSection
	GlobalSection(ExtensibilityGlobals) = postSolution
		SolutionGuid = {BA297868-14EB-486D-9DA6-0A6D0BCE0236}
	EndGlobalSection
EndGlobal
